
Microsoft Visual Studio Solution File, Format Version 12.00
# Visual Studio 15
VisualStudioVersion = 15.0.28010.2050
MinimumVisualStudioVersion = 10.0.40219.1
Project("{FAE04EC0-301F-11D3-BF4B-00C04F79EFBC}") = "ContactManager", "ContactManager\ContactManager.csproj", "{537A49B6-64F1-4753-A082-EECC228806D0}"
EndProject
Global
	GlobalSection(SolutionConfigurationPlatforms) = preSolution
		Debug|Any CPU = Debug|Any CPU
		Release|Any CPU = Release|Any CPU
	EndGlobalSection
	GlobalSection(ProjectConfigurationPlatforms) = postSolution
		{537A49B6-64F1-4753-A082-EECC228806D0}.Debug|Any CPU.ActiveCfg = Debug|Any CPU
		{537A49B6-64F1-4753-A082-EECC228806D0}.Debug|Any CPU.Build.0 = Debug|Any CPU
		{537A49B6-64F1-4753-A082-EECC228806D0}.Release|Any CPU.ActiveCfg = Release|Any CPU
		{537A49B6-64F1-4753-A082-EECC228806D0}.Release|Any CPU.Build.0 = Release|Any CPU
	EndGlobalSection
	GlobalSection(SolutionProperties) = preSolution
		HideSolutionNode = FALSE
	EndGlobalSection
	GlobalSection(ExtensibilityGlobals) = postSolution
		SolutionGuid = {97B52E34-23AF-4F42-9601-E53F2C977762}
	EndGlobalSection
EndGlobal
